
Microsoft Visual Studio Solution File, Format Version 12.00
# Visual Studio 15
VisualStudioVersion = 15.0.28307.1022
MinimumVisualStudioVersion = 10.0.40219.1
Project("{FAE04EC0-301F-11D3-BF4B-00C04F79EFBC}") = "consoleCompute", "consoleCompute\consoleCompute.csproj", "{E442479E-13AE-4073-95FB-71FD054204B4}"
EndProject
Project("{FAE04EC0-301F-11D3-BF4B-00C04F79EFBC}") = "winformCompute", "winformCompute\winformCompute.csproj", "{C8C8A4A0-CEB2-4241-8E1E-22D6EB368204}"
EndProject
Global
	GlobalSection(SolutionConfigurationPlatforms) = preSolution
		Debug|Any CPU = Debug|Any CPU
		Release|Any CPU = Release|Any CPU
	EndGlobalSection
	GlobalSection(ProjectConfigurationPlatforms) = postSolution
		{E442479E-13AE-4073-95FB-71FD054204B4}.Debug|Any CPU.ActiveCfg = Debug|Any CPU
		{E442479E-13AE-4073-95FB-71FD054204B4}.Debug|Any CPU.Build.0 = Debug|Any CPU
		{E442479E-13AE-4073-95FB-71FD054204B4}.Release|Any CPU.ActiveCfg = Release|Any CPU
		{E442479E-13AE-4073-95FB-71FD054204B4}.Release|Any CPU.Build.0 = Release|Any CPU
		{C8C8A4A0-CEB2-4241-8E1E-22D6EB368204}.Debug|Any CPU.ActiveCfg = Debug|Any CPU
		{C8C8A4A0-CEB2-4241-8E1E-22D6EB368204}.Debug|Any CPU.Build.0 = Debug|Any CPU
		{C8C8A4A0-CEB2-4241-8E1E-22D6EB368204}.Release|Any CPU.ActiveCfg = Release|Any CPU
		{C8C8A4A0-CEB2-4241-8E1E-22D6EB368204}.Release|Any CPU.Build.0 = Release|Any CPU
	EndGlobalSection
	GlobalSection(SolutionProperties) = preSolution
		HideSolutionNode = FALSE
	EndGlobalSection
	GlobalSection(ExtensibilityGlobals) = postSolution
		SolutionGuid = {4B71C94A-ADD5-4E67-AEB9-693D0693453B}
	EndGlobalSection
EndGlobal
